# THIS IS AN AUTOGENERATED FILE. DO NOT EDIT THIS FILE DIRECTLY.
# yarn lockfile v1


"@types/node@^20.11.30":
  version "20.11.30"
  resolved "https://registry.npmjs.org/@types/node/-/node-20.11.30.tgz#9c33467fc23167a347e73834f788f4b9f399d66f"
  integrity sha512-dHM6ZxwlmuZaRmUPfv1p+KrdD1Dci04FbdEm/9wEMouFqxYoFl5aMkt0VMAUtYRQDyYvD41WJLukhq/ha3YuTw==
  dependencies:
    undici-types "~5.26.4"

jsobin@^1.2.2:
  version "1.2.2"
  resolved "https://registry.npmjs.org/jsobin/-/jsobin-1.2.2.tgz#8a8e25c0deb99dc0da297588d6759f4b2181e026"
  integrity sha512-jQVzjC3JAW8Sk3DXpOuLMerSCH5mi5tlm5UhHxv0M7lPZhdDzXJkreisB/zzdI+lHiwsFxHo24VL4oW9RtwPmg==

qwq-socket@^1.1.0:
  version "1.1.0"
  resolved "https://registry.npmjs.org/qwq-socket/-/qwq-socket-1.1.0.tgz#10e71df4d9ba6f53bb6687b4175df78e65d19ece"
  integrity sha512-bpVbUSN1CvGAbbhrIU0rcbwEfd6yh5p0FUQPFM62jcPDt3ffh7fp5vXIGuCdlktI+DjQmMkkXg1IN8VI6KEeBw==

undici-types@~5.26.4:
  version "5.26.5"
  resolved "https://registry.npmjs.org/undici-types/-/undici-types-5.26.5.tgz#bcd539893d00b56e964fd2657a4866b221a65617"
  integrity sha512-JlCMO+ehdEIKqlFxk6IfVoAUVmgz7cU7zD/h9XZ0qzeosSHmUJVOzSQvvYSYWXkFXC+IfLKSIffhv0sVZup6pA==

ws@^8.16.0:
  version "8.16.0"
  resolved "https://registry.npmjs.org/ws/-/ws-8.16.0.tgz#d1cd774f36fbc07165066a60e40323eab6446fd4"
  integrity sha512-HS0c//TP7Ina87TfiPUz1rQzMhHrl/SG2guqRcTOIUYD2q8uhUdNHZYJUaQ8aTGPzCh+c6oawMKW35nFl1dxyQ==
